// !$*UTF8*$!
{
	archiveVersion = 1;
	classes = {
	};
	objectVersion = 50;
	objects = {

/* Begin PBXBuildFile section */
		C9282753250ACD9A0080B07A /* AppDelegate.swift in Sources */ = {isa = PBXBuildFile; fileRef = C9282752250ACD9A0080B07A /* AppDelegate.swift */; };
		C9282755250ACD9A0080B07A /* SceneDelegate.swift in Sources */ = {isa = PBXBuildFile; fileRef = C9282754250ACD9A0080B07A /* SceneDelegate.swift */; };
		C928275C250ACD9D0080B07A /* Assets.xcassets in Resources */ = {isa = PBXBuildFile; fileRef = C928275B250ACD9D0080B07A /* Assets.xcassets */; };
		C928276A250ACD9D0080B07A /* TopNotchPhysiqueProgramaticallyTests.swift in Sources */ = {isa = PBXBuildFile; fileRef = C9282769250ACD9D0080B07A /* TopNotchPhysiqueProgramaticallyTests.swift */; };
		C92827A3250F12620080B07A /* FeedTableViewController.swift in Sources */ = {isa = PBXBuildFile; fileRef = C92827A2250F12620080B07A /* FeedTableViewController.swift */; };
		C92827A5250F16300080B07A /* FeedTableViewCell.swift in Sources */ = {isa = PBXBuildFile; fileRef = C92827A4250F16300080B07A /* FeedTableViewCell.swift */; };
		C92827A9250F37830080B07A /* Post.swift in Sources */ = {isa = PBXBuildFile; fileRef = C92827A8250F37830080B07A /* Post.swift */; };
		C92827AB2516B2C70080B07A /* PostViewController.swift in Sources */ = {isa = PBXBuildFile; fileRef = C92827AA2516B2C70080B07A /* PostViewController.swift */; };
		C92827DB2525C2680080B07A /* TabBarViewController.swift in Sources */ = {isa = PBXBuildFile; fileRef = C92827DA2525C2680080B07A /* TabBarViewController.swift */; };
		C94299DF253E9DEE00F6957F /* ProfileCollectionViewCell.swift in Sources */ = {isa = PBXBuildFile; fileRef = C94299DE253E9DEE00F6957F /* ProfileCollectionViewCell.swift */; };
		C98F4E94253D9BEB004B6C23 /* EditProfileViewController.swift in Sources */ = {isa = PBXBuildFile; fileRef = C98F4E93253D9BEB004B6C23 /* EditProfileViewController.swift */; };
		C9B2422F253D6F3E00200A67 /* ProfileViewController.swift in Sources */ = {isa = PBXBuildFile; fileRef = C9B2422E253D6F3E00200A67 /* ProfileViewController.swift */; };
/* End PBXBuildFile section */

/* Begin PBXContainerItemProxy section */
		C9282766250ACD9D0080B07A /* PBXContainerItemProxy */ = {
			isa = PBXContainerItemProxy;
			containerPortal = C9282747250ACD9A0080B07A /* Project object */;
			proxyType = 1;
			remoteGlobalIDString = C928274E250ACD9A0080B07A;
			remoteInfo = TopNotchPhysiqueProgramatically;
		};
/* End PBXContainerItemProxy section */

/* Begin PBXFileReference section */
		C928274F250ACD9A0080B07A /* TopNotchPhysiqueProgramatically.app */ = {isa = PBXFileReference; explicitFileType = wrapper.application; includeInIndex = 0; path = TopNotchPhysiqueProgramatically.app; sourceTree = BUILT_PRODUCTS_DIR; };
		C9282752250ACD9A0080B07A /* AppDelegate.swift */ = {isa = PBXFileReference; lastKnownFileType = sourcecode.swift; path = AppDelegate.swift; sourceTree = "<group>"; };
		C9282754250ACD9A0080B07A /* SceneDelegate.swift */ = {isa = PBXFileReference; lastKnownFileType = sourcecode.swift; path = SceneDelegate.swift; sourceTree = "<group>"; };
		C928275B250ACD9D0080B07A /* Assets.xcassets */ = {isa = PBXFileReference; lastKnownFileType = folder.assetcatalog; path = Assets.xcassets; sourceTree = "<group>"; };
		C9282760250ACD9D0080B07A /* Info.plist */ = {isa = PBXFileReference; lastKnownFileType = text.plist.xml; path = Info.plist; sourceTree = "<group>"; };
		C9282765250ACD9D0080B07A /* TopNotchPhysiqueProgramaticallyTests.xctest */ = {isa = PBXFileReference; explicitFileType = wrapper.cfbundle; includeInIndex = 0; path = TopNotchPhysiqueProgramaticallyTests.xctest; sourceTree = BUILT_PRODUCTS_DIR; };
		C9282769250ACD9D0080B07A /* TopNotchPhysiqueProgramaticallyTests.swift */ = {isa = PBXFileReference; lastKnownFileType = sourcecode.swift; path = TopNotchPhysiqueProgramaticallyTests.swift; sourceTree = "<group>"; };
		C928276B250ACD9D0080B07A /* Info.plist */ = {isa = PBXFileReference; lastKnownFileType = text.plist.xml; path = Info.plist; sourceTree = "<group>"; };
		C92827A2250F12620080B07A /* FeedTableViewController.swift */ = {isa = PBXFileReference; lastKnownFileType = sourcecode.swift; path = FeedTableViewController.swift; sourceTree = "<group>"; };
		C92827A4250F16300080B07A /* FeedTableViewCell.swift */ = {isa = PBXFileReference; lastKnownFileType = sourcecode.swift; path = FeedTableViewCell.swift; sourceTree = "<group>"; };
		C92827A8250F37830080B07A /* Post.swift */ = {isa = PBXFileReference; lastKnownFileType = sourcecode.swift; path = Post.swift; sourceTree = "<group>"; };
		C92827AA2516B2C70080B07A /* PostViewController.swift */ = {isa = PBXFileReference; lastKnownFileType = sourcecode.swift; path = PostViewController.swift; sourceTree = "<group>"; };
		C92827DA2525C2680080B07A /* TabBarViewController.swift */ = {isa = PBXFileReference; lastKnownFileType = sourcecode.swift; path = TabBarViewController.swift; sourceTree = "<group>"; };
		C94299DE253E9DEE00F6957F /* ProfileCollectionViewCell.swift */ = {isa = PBXFileReference; lastKnownFileType = sourcecode.swift; name = ProfileCollectionViewCell.swift; path = ../ProfileCollectionViewCell.swift; sourceTree = "<group>"; };
		C98F4E93253D9BEB004B6C23 /* EditProfileViewController.swift */ = {isa = PBXFileReference; lastKnownFileType = sourcecode.swift; path = EditProfileViewController.swift; sourceTree = "<group>"; };
		C9B2422E253D6F3E00200A67 /* ProfileViewController.swift */ = {isa = PBXFileReference; lastKnownFileType = sourcecode.swift; path = ProfileViewController.swift; sourceTree = "<group>"; };
/* End PBXFileReference section */

/* Begin PBXFrameworksBuildPhase section */
		C928274C250ACD9A0080B07A /* Frameworks */ = {
			isa = PBXFrameworksBuildPhase;
			buildActionMask = 2147483647;
			files = (
			);
			runOnlyForDeploymentPostprocessing = 0;
		};
		C9282762250ACD9D0080B07A /* Frameworks */ = {
			isa = PBXFrameworksBuildPhase;
			buildActionMask = 2147483647;
			files = (
			);
			runOnlyForDeploymentPostprocessing = 0;
		};
/* End PBXFrameworksBuildPhase section */

/* Begin PBXGroup section */
		C9282746250ACD9A0080B07A = {
			isa = PBXGroup;
			children = (
				C9282751250ACD9A0080B07A /* TopNotchPhysiqueProgramatically */,
				C9282768250ACD9D0080B07A /* TopNotchPhysiqueProgramaticallyTests */,
				C9282750250ACD9A0080B07A /* Products */,
			);
			sourceTree = "<group>";
		};
		C9282750250ACD9A0080B07A /* Products */ = {
			isa = PBXGroup;
			children = (
				C928274F250ACD9A0080B07A /* TopNotchPhysiqueProgramatically.app */,
				C9282765250ACD9D0080B07A /* TopNotchPhysiqueProgramaticallyTests.xctest */,
			);
			name = Products;
			sourceTree = "<group>";
		};
		C9282751250ACD9A0080B07A /* TopNotchPhysiqueProgramatically */ = {
			isa = PBXGroup;
			children = (
				C9282752250ACD9A0080B07A /* AppDelegate.swift */,
				C9282754250ACD9A0080B07A /* SceneDelegate.swift */,
				C92827DA2525C2680080B07A /* TabBarViewController.swift */,
				C92827A2250F12620080B07A /* FeedTableViewController.swift */,
				C92827A4250F16300080B07A /* FeedTableViewCell.swift */,
				C92827AA2516B2C70080B07A /* PostViewController.swift */,
				C9B2422E253D6F3E00200A67 /* ProfileViewController.swift */,
				C94299DE253E9DEE00F6957F /* ProfileCollectionViewCell.swift */,
				C98F4E93253D9BEB004B6C23 /* EditProfileViewController.swift */,
				C92827A8250F37830080B07A /* Post.swift */,
				C928275B250ACD9D0080B07A /* Assets.xcassets */,
				C9282760250ACD9D0080B07A /* Info.plist */,
			);
			path = TopNotchPhysiqueProgramatically;
			sourceTree = "<group>";
		};
		C9282768250ACD9D0080B07A /* TopNotchPhysiqueProgramaticallyTests */ = {
			isa = PBXGroup;
			children = (
				C9282769250ACD9D0080B07A /* TopNotchPhysiqueProgramaticallyTests.swift */,
				C928276B250ACD9D0080B07A /* Info.plist */,
			);
			path = TopNotchPhysiqueProgramaticallyTests;
			sourceTree = "<group>";
		};
/* End PBXGroup section */

/* Begin PBXNativeTarget section */
		C928274E250ACD9A0080B07A /* TopNotchPhysiqueProgramatically */ = {
			isa = PBXNativeTarget;
			buildConfigurationList = C928276E250ACD9D0080B07A /* Build configuration list for PBXNativeTarget "TopNotchPhysiqueProgramatically" */;
			buildPhases = (
				C928274B250ACD9A0080B07A /* Sources */,
				C928274C250ACD9A0080B07A /* Frameworks */,
				C928274D250ACD9A0080B07A /* Resources */,
			);
			buildRules = (
			);
			dependencies = (
			);
			name = TopNotchPhysiqueProgramatically;
			productName = TopNotchPhysiqueProgramatically;
			productReference = C928274F250ACD9A0080B07A /* TopNotchPhysiqueProgramatically.app */;
			productType = "com.apple.product-type.application";
		};
		C9282764250ACD9D0080B07A /* TopNotchPhysiqueProgramaticallyTests */ = {
			isa = PBXNativeTarget;
			buildConfigurationList = C9282771250ACD9D0080B07A /* Build configuration list for PBXNativeTarget "TopNotchPhysiqueProgramaticallyTests" */;
			buildPhases = (
				C9282761250ACD9D0080B07A /* Sources */,
				C9282762250ACD9D0080B07A /* Frameworks */,
				C9282763250ACD9D0080B07A /* Resources */,
			);
			buildRules = (
			);
			dependencies = (
				C9282767250ACD9D0080B07A /* PBXTargetDependency */,
			);
			name = TopNotchPhysiqueProgramaticallyTests;
			productName = TopNotchPhysiqueProgramaticallyTests;
			productReference = C9282765250ACD9D0080B07A /* TopNotchPhysiqueProgramaticallyTests.xctest */;
			productType = "com.apple.product-type.bundle.unit-test";
		};
/* End PBXNativeTarget section */

/* Begin PBXProject section */
		C9282747250ACD9A0080B07A /* Project object */ = {
			isa = PBXProject;
			attributes = {
				LastSwiftUpdateCheck = 1160;
				LastUpgradeCheck = 1160;
				ORGANIZATIONNAME = "Tommy Smale";
				TargetAttributes = {
					C928274E250ACD9A0080B07A = {
						CreatedOnToolsVersion = 11.6;
					};
					C9282764250ACD9D0080B07A = {
						CreatedOnToolsVersion = 11.6;
						TestTargetID = C928274E250ACD9A0080B07A;
					};
				};
			};
			buildConfigurationList = C928274A250ACD9A0080B07A /* Build configuration list for PBXProject "TopNotchPhysiqueProgramatically" */;
			compatibilityVersion = "Xcode 9.3";
			developmentRegion = en;
			hasScannedForEncodings = 0;
			knownRegions = (
				en,
				Base,
			);
			mainGroup = C9282746250ACD9A0080B07A;
			productRefGroup = C9282750250ACD9A0080B07A /* Products */;
			projectDirPath = "";
			projectRoot = "";
			targets = (
				C928274E250ACD9A0080B07A /* TopNotchPhysiqueProgramatically */,
				C9282764250ACD9D0080B07A /* TopNotchPhysiqueProgramaticallyTests */,
			);
		};
/* End PBXProject section */

/* Begin PBXResourcesBuildPhase section */
		C928274D250ACD9A0080B07A /* Resources */ = {
			isa = PBXResourcesBuildPhase;
			buildActionMask = 2147483647;
			files = (
				C928275C250ACD9D0080B07A /* Assets.xcassets in Resources */,
			);
			runOnlyForDeploymentPostprocessing = 0;
		};
		C9282763250ACD9D0080B07A /* Resources */ = {
			isa = PBXResourcesBuildPhase;
			buildActionMask = 2147483647;
			files = (
			);
			runOnlyForDeploymentPostprocessing = 0;
		};
/* End PBXResourcesBuildPhase section */

/* Begin PBXSourcesBuildPhase section */
		C928274B250ACD9A0080B07A /* Sources */ = {
			isa = PBXSourcesBuildPhase;
			buildActionMask = 2147483647;
			files = (
				C92827AB2516B2C70080B07A /* PostViewController.swift in Sources */,
				C9282753250ACD9A0080B07A /* AppDelegate.swift in Sources */,
				C92827A5250F16300080B07A /* FeedTableViewCell.swift in Sources */,
				C92827A3250F12620080B07A /* FeedTableViewController.swift in Sources */,
				C94299DF253E9DEE00F6957F /* ProfileCollectionViewCell.swift in Sources */,
				C92827DB2525C2680080B07A /* TabBarViewController.swift in Sources */,
				C9282755250ACD9A0080B07A /* SceneDelegate.swift in Sources */,
				C9B2422F253D6F3E00200A67 /* ProfileViewController.swift in Sources */,
				C92827A9250F37830080B07A /* Post.swift in Sources */,
				C98F4E94253D9BEB004B6C23 /* EditProfileViewController.swift in Sources */,
			);
			runOnlyForDeploymentPostprocessing = 0;
		};
		C9282761250ACD9D0080B07A /* Sources */ = {
			isa = PBXSourcesBuildPhase;
			buildActionMask = 2147483647;
			files = (
				C928276A250ACD9D0080B07A /* TopNotchPhysiqueProgramaticallyTests.swift in Sources */,
			);
			runOnlyForDeploymentPostprocessing = 0;
		};
/* End PBXSourcesBuildPhase section */

/* Begin PBXTargetDependency section */
		C9282767250ACD9D0080B07A /* PBXTargetDependency */ = {
			isa = PBXTargetDependency;
			target = C928274E250ACD9A0080B07A /* TopNotchPhysiqueProgramatically */;
			targetProxy = C9282766250ACD9D0080B07A /* PBXContainerItemProxy */;
		};
/* End PBXTargetDependency section */

/* Begin XCBuildConfiguration section */
		C928276C250ACD9D0080B07A /* Debug */ = {
			isa = XCBuildConfiguration;
			buildSettings = {
				ALWAYS_SEARCH_USER_PATHS = NO;
				CLANG_ANALYZER_NONNULL = YES;
				CLANG_ANALYZER_NUMBER_OBJECT_CONVERSION = YES_AGGRESSIVE;
				CLANG_CXX_LANGUAGE_STANDARD = "gnu++14";
				CLANG_CXX_LIBRARY = "libc++";
				CLANG_ENABLE_MODULES = YES;
				CLANG_ENABLE_OBJC_ARC = YES;
				CLANG_ENABLE_OBJC_WEAK = YES;
				CLANG_WARN_BLOCK_CAPTURE_AUTORELEASING = YES;
				CLANG_WARN_BOOL_CONVERSION = YES;
				CLANG_WARN_COMMA = YES;
				CLANG_WARN_CONSTANT_CONVERSION = YES;
				CLANG_WARN_DEPRECATED_OBJC_IMPLEMENTATIONS = YES;
				CLANG_WARN_DIRECT_OBJC_ISA_USAGE = YES_ERROR;
				CLANG_WARN_DOCUMENTATION_COMMENTS = YES;
				CLANG_WARN_EMPTY_BODY = YES;
				CLANG_WARN_ENUM_CONVERSION = YES;
				CLANG_WARN_INFINITE_RECURSION = YES;
				CLANG_WARN_INT_CONVERSION = YES;
				CLANG_WARN_NON_LITERAL_NULL_CONVERSION = YES;
				CLANG_WARN_OBJC_IMPLICIT_RETAIN_SELF = YES;
				CLANG_WARN_OBJC_LITERAL_CONVERSION = YES;
				CLANG_WARN_OBJC_ROOT_CLASS = YES_ERROR;
				CLANG_WARN_RANGE_LOOP_ANALYSIS = YES;
				CLANG_WARN_STRICT_PROTOTYPES = YES;
				CLANG_WARN_SUSPICIOUS_MOVE = YES;
				CLANG_WARN_UNGUARDED_AVAILABILITY = YES_AGGRESSIVE;
				CLANG_WARN_UNREACHABLE_CODE = YES;
				CLANG_WARN__DUPLICATE_METHOD_MATCH = YES;
				COPY_PHASE_STRIP = NO;
				DEBUG_INFORMATION_FORMAT = dwarf;
				ENABLE_STRICT_OBJC_MSGSEND = YES;
				ENABLE_TESTABILITY = YES;
				GCC_C_LANGUAGE_STANDARD = gnu11;
				GCC_DYNAMIC_NO_PIC = NO;
				GCC_NO_COMMON_BLOCKS = YES;
				GCC_OPTIMIZATION_LEVEL = 0;
				GCC_PREPROCESSOR_DEFINITIONS = (
					"DEBUG=1",
					"$(inherited)",
				);
				GCC_WARN_64_TO_32_BIT_CONVERSION = YES;
				GCC_WARN_ABOUT_RETURN_TYPE = YES_ERROR;
				GCC_WARN_UNDECLARED_SELECTOR = YES;
				GCC_WARN_UNINITIALIZED_AUTOS = YES_AGGRESSIVE;
				GCC_WARN_UNUSED_FUNCTION = YES;
				GCC_WARN_UNUSED_VARIABLE = YES;
				IPHONEOS_DEPLOYMENT_TARGET = 13.6;
				MTL_ENABLE_DEBUG_INFO = INCLUDE_SOURCE;
				MTL_FAST_MATH = YES;
				ONLY_ACTIVE_ARCH = YES;
				SDKROOT = iphoneos;
				SWIFT_ACTIVE_COMPILATION_CONDITIONS = DEBUG;
				SWIFT_OPTIMIZATION_LEVEL = "-Onone";
			};
			name = Debug;
		};
		C928276D250ACD9D0080B07A /* Release */ = {
			isa = XCBuildConfiguration;
			buildSettings = {
				ALWAYS_SEARCH_USER_PATHS = NO;
				CLANG_ANALYZER_NONNULL = YES;
				CLANG_ANALYZER_NUMBER_OBJECT_CONVERSION = YES_AGGRESSIVE;
				CLANG_CXX_LANGUAGE_STANDARD = "gnu++14";
				CLANG_CXX_LIBRARY = "libc++";
				CLANG_ENABLE_MODULES = YES;
				CLANG_ENABLE_OBJC_ARC = YES;
				CLANG_ENABLE_OBJC_WEAK = YES;
				CLANG_WARN_BLOCK_CAPTURE_AUTORELEASING = YES;
				CLANG_WARN_BOOL_CONVERSION = YES;
				CLANG_WARN_COMMA = YES;
				CLANG_WARN_CONSTANT_CONVERSION = YES;
				CLANG_WARN_DEPRECATED_OBJC_IMPLEMENTATIONS = YES;
				CLANG_WARN_DIRECT_OBJC_ISA_USAGE = YES_ERROR;
				CLANG_WARN_DOCUMENTATION_COMMENTS = YES;
				CLANG_WARN_EMPTY_BODY = YES;
				CLANG_WARN_ENUM_CONVERSION = YES;
				CLANG_WARN_INFINITE_RECURSION = YES;
				CLANG_WARN_INT_CONVERSION = YES;
				CLANG_WARN_NON_LITERAL_NULL_CONVERSION = YES;
				CLANG_WARN_OBJC_IMPLICIT_RETAIN_SELF = YES;
				CLANG_WARN_OBJC_LITERAL_CONVERSION = YES;
				CLANG_WARN_OBJC_ROOT_CLASS = YES_ERROR;
				CLANG_WARN_RANGE_LOOP_ANALYSIS = YES;
				CLANG_WARN_STRICT_PROTOTYPES = YES;
				CLANG_WARN_SUSPICIOUS_MOVE = YES;
				CLANG_WARN_UNGUARDED_AVAILABILITY = YES_AGGRESSIVE;
				CLANG_WARN_UNREACHABLE_CODE = YES;
				CLANG_WARN__DUPLICATE_METHOD_MATCH = YES;
				COPY_PHASE_STRIP = NO;
				DEBUG_INFORMATION_FORMAT = "dwarf-with-dsym";
				ENABLE_NS_ASSERTIONS = NO;
				ENABLE_STRICT_OBJC_MSGSEND = YES;
				GCC_C_LANGUAGE_STANDARD = gnu11;
				GCC_NO_COMMON_BLOCKS = YES;
				GCC_WARN_64_TO_32_BIT_CONVERSION = YES;
				GCC_WARN_ABOUT_RETURN_TYPE = YES_ERROR;
				GCC_WARN_UNDECLARED_SELECTOR = YES;
				GCC_WARN_UNINITIALIZED_AUTOS = YES_AGGRESSIVE;
				GCC_WARN_UNUSED_FUNCTION = YES;
				GCC_WARN_UNUSED_VARIABLE = YES;
				IPHONEOS_DEPLOYMENT_TARGET = 13.6;
				MTL_ENABLE_DEBUG_INFO = NO;
				MTL_FAST_MATH = YES;
				SDKROOT = iphoneos;
				SWIFT_COMPILATION_MODE = wholemodule;
				SWIFT_OPTIMIZATION_LEVEL = "-O";
				VALIDATE_PRODUCT = YES;
			};
			name = Release;
		};
		C928276F250ACD9D0080B07A /* Debug */ = {
			isa = XCBuildConfiguration;
			buildSettings = {
				ASSETCATALOG_COMPILER_APPICON_NAME = AppIcon;
				CODE_SIGN_STYLE = Automatic;
				DEVELOPMENT_TEAM = B6HSB75254;
				INFOPLIST_FILE = TopNotchPhysiqueProgramatically/Info.plist;
				LD_RUNPATH_SEARCH_PATHS = (
					"$(inherited)",
					"@executable_path/Frameworks",
				);
				PRODUCT_BUNDLE_IDENTIFIER = com.example.TopNotchPhysiqueProgramatically;
				PRODUCT_NAME = "$(TARGET_NAME)";
				SWIFT_VERSION = 5.0;
				TARGETED_DEVICE_FAMILY = "1,2";
			};
			name = Debug;
		};
		C9282770250ACD9D0080B07A /* Release */ = {
			isa = XCBuildConfiguration;
			buildSettings = {
				ASSETCATALOG_COMPILER_APPICON_NAME = AppIcon;
				CODE_SIGN_STYLE = Automatic;
				DEVELOPMENT_TEAM = B6HSB75254;
				INFOPLIST_FILE = TopNotchPhysiqueProgramatically/Info.plist;
				LD_RUNPATH_SEARCH_PATHS = (
					"$(inherited)",
					"@executable_path/Frameworks",
				);
				PRODUCT_BUNDLE_IDENTIFIER = com.example.TopNotchPhysiqueProgramatically;
				PRODUCT_NAME = "$(TARGET_NAME)";
				SWIFT_VERSION = 5.0;
				TARGETED_DEVICE_FAMILY = "1,2";
			};
			name = Release;
		};
		C9282772250ACD9D0080B07A /* Debug */ = {
			isa = XCBuildConfiguration;
			buildSettings = {
				ALWAYS_EMBED_SWIFT_STANDARD_LIBRARIES = YES;
				BUNDLE_LOADER = "$(TEST_HOST)";
				CODE_SIGN_STYLE = Automatic;
				INFOPLIST_FILE = TopNotchPhysiqueProgramaticallyTests/Info.plist;
				IPHONEOS_DEPLOYMENT_TARGET = 13.6;
				LD_RUNPATH_SEARCH_PATHS = (
					"$(inherited)",
					"@executable_path/Frameworks",
					"@loader_path/Frameworks",
				);
				PRODUCT_BUNDLE_IDENTIFIER = com.example.TopNotchPhysiqueProgramaticallyTests;
				PRODUCT_NAME = "$(TARGET_NAME)";
				SWIFT_VERSION = 5.0;
				TARGETED_DEVICE_FAMILY = "1,2";
				TEST_HOST = "$(BUILT_PRODUCTS_DIR)/TopNotchPhysiqueProgramatically.app/TopNotchPhysiqueProgramatically";
			};
			name = Debug;
		};
		C9282773250ACD9D0080B07A /* Release */ = {
			isa = XCBuildConfiguration;
			buildSettings = {
				ALWAYS_EMBED_SWIFT_STANDARD_LIBRARIES = YES;
				BUNDLE_LOADER = "$(TEST_HOST)";
				CODE_SIGN_STYLE = Automatic;
				INFOPLIST_FILE = TopNotchPhysiqueProgramaticallyTests/Info.plist;
				IPHONEOS_DEPLOYMENT_TARGET = 13.6;
				LD_RUNPATH_SEARCH_PATHS = (
					"$(inherited)",
					"@executable_path/Frameworks",
					"@loader_path/Frameworks",
				);
				PRODUCT_BUNDLE_IDENTIFIER = com.example.TopNotchPhysiqueProgramaticallyTests;
				PRODUCT_NAME = "$(TARGET_NAME)";
				SWIFT_VERSION = 5.0;
				TARGETED_DEVICE_FAMILY = "1,2";
				TEST_HOST = "$(BUILT_PRODUCTS_DIR)/TopNotchPhysiqueProgramatically.app/TopNotchPhysiqueProgramatically";
			};
			name = Release;
		};
/* End XCBuildConfiguration section */

/* Begin XCConfigurationList section */
		C928274A250ACD9A0080B07A /* Build configuration list for PBXProject "TopNotchPhysiqueProgramatically" */ = {
			isa = XCConfigurationList;
			buildConfigurations = (
				C928276C250ACD9D0080B07A /* Debug */,
				C928276D250ACD9D0080B07A /* Release */,
			);
			defaultConfigurationIsVisible = 0;
			defaultConfigurationName = Release;
		};
		C928276E250ACD9D0080B07A /* Build configuration list for PBXNativeTarget "TopNotchPhysiqueProgramatically" */ = {
			isa = XCConfigurationList;
			buildConfigurations = (
				C928276F250ACD9D0080B07A /* Debug */,
				C9282770250ACD9D0080B07A /* Release */,
			);
			defaultConfigurationIsVisible = 0;
			defaultConfigurationName = Release;
		};
		C9282771250ACD9D0080B07A /* Build configuration list for PBXNativeTarget "TopNotchPhysiqueProgramaticallyTests" */ = {
			isa = XCConfigurationList;
			buildConfigurations = (
				C9282772250ACD9D0080B07A /* Debug */,
				C9282773250ACD9D0080B07A /* Release */,
			);
			defaultConfigurationIsVisible = 0;
			defaultConfigurationName = Release;
		};
/* End XCConfigurationList section */
	};
	rootObject = C9282747250ACD9A0080B07A /* Project object */;
}
